// !$*UTF8*$!
{
	archiveVersion = 1;
	classes = {
	};
	objectVersion = 56;
	objects = {

/* Begin PBXBuildFile section */
		1A1110012B12345600000001 /* GithubPanelApp.swift in Sources */ = {isa = PBXBuildFile; fileRef = 1A1110002B12345600000001 /* GithubPanelApp.swift */; };
		1A1110022B12345600000001 /* ContentView.swift in Sources */ = {isa = PBXBuildFile; fileRef = 1A1110032B12345600000001 /* ContentView.swift */; };
		1A1110202B12345600000001 /* SettingsView.swift in Sources */ = {isa = PBXBuildFile; fileRef = 1A1110212B12345600000001 /* SettingsView.swift */; };
		1A1110042B12345600000001 /* PRMonitor.swift in Sources */ = {isa = PBXBuildFile; fileRef = 1A1110052B12345600000001 /* PRMonitor.swift */; };
		1A1110062B12345600000001 /* GitHubAPI.swift in Sources */ = {isa = PBXBuildFile; fileRef = 1A1110072B12345600000001 /* GitHubAPI.swift */; };
		1A1110082B12345600000001 /* KeychainStore.swift in Sources */ = {isa = PBXBuildFile; fileRef = 1A1110092B12345600000001 /* KeychainStore.swift */; };
		1A11100A2B12345600000001 /* NotificationManager.swift in Sources */ = {isa = PBXBuildFile; fileRef = 1A11100B2B12345600000001 /* NotificationManager.swift */; };
		1A1110242B12345600000001 /* Shortcuts.swift in Sources */ = {isa = PBXBuildFile; fileRef = 1A1110222B12345600000001 /* Shortcuts.swift */; };
		1A1110252B12345600000001 /* AppVisibility.swift in Sources */ = {isa = PBXBuildFile; fileRef = 1A1110232B12345600000001 /* AppVisibility.swift */; };
		1A11100C2B12345600000001 /* Assets.xcassets in Resources */ = {isa = PBXBuildFile; fileRef = 1A11100D2B12345600000001 /* Assets.xcassets */; };
		1A1110302B12345600000001 /* KeyboardShortcuts in Frameworks */ = {isa = PBXBuildFile; productRef = 1A1110322B12345600000001 /* KeyboardShortcuts */; };
		1A1110602B12345600000001 /* Sparkle in Frameworks */ = {isa = PBXBuildFile; productRef = 1A1110622B12345600000001 /* Sparkle */; };
		1A1110402B12345600000001 /* CheckStateTests.swift in Sources */ = {isa = PBXBuildFile; fileRef = 1A1110412B12345600000001 /* CheckStateTests.swift */; };
		1A1110422B12345600000001 /* GitHubAPITests.swift in Sources */ = {isa = PBXBuildFile; fileRef = 1A1110432B12345600000001 /* GitHubAPITests.swift */; };
		1A1110442B12345600000001 /* PRMonitorTests.swift in Sources */ = {isa = PBXBuildFile; fileRef = 1A1110452B12345600000001 /* PRMonitorTests.swift */; };
		1A1110462B12345600000001 /* KeychainStoreTests.swift in Sources */ = {isa = PBXBuildFile; fileRef = 1A1110472B12345600000001 /* KeychainStoreTests.swift */; };
		1A1110532B12345600000001 /* AppIconAssetTests.swift in Sources */ = {isa = PBXBuildFile; fileRef = 1A1110542B12345600000001 /* AppIconAssetTests.swift */; };
		1A1110552B12345600000001 /* ContentViewTests.swift in Sources */ = {isa = PBXBuildFile; fileRef = 1A1110562B12345600000001 /* ContentViewTests.swift */; };
		1A1110572B12345600000001 /* UpdaterConfigurationTests.swift in Sources */ = {isa = PBXBuildFile; fileRef = 1A1110582B12345600000001 /* UpdaterConfigurationTests.swift */; };
/* End PBXBuildFile section */

/* Begin PBXContainerItemProxy section */
		1A1110482B12345600000001 /* PBXContainerItemProxy */ = {
			isa = PBXContainerItemProxy;
			containerPortal = 1A1110172B12345600000001 /* Project object */;
			proxyType = 1;
			remoteGlobalIDString = 1A1110132B12345600000001;
			remoteInfo = GithubPanel;
		};
/* End PBXContainerItemProxy section */

/* Begin PBXFileReference section */
		1A1110002B12345600000001 /* GithubPanelApp.swift */ = {isa = PBXFileReference; lastKnownFileType = sourcecode.swift; path = GithubPanelApp.swift; sourceTree = "<group>"; };
		1A1110032B12345600000001 /* ContentView.swift */ = {isa = PBXFileReference; lastKnownFileType = sourcecode.swift; path = ContentView.swift; sourceTree = "<group>"; };
		1A1110212B12345600000001 /* SettingsView.swift */ = {isa = PBXFileReference; lastKnownFileType = sourcecode.swift; path = SettingsView.swift; sourceTree = "<group>"; };
		1A1110052B12345600000001 /* PRMonitor.swift */ = {isa = PBXFileReference; lastKnownFileType = sourcecode.swift; path = PRMonitor.swift; sourceTree = "<group>"; };
		1A1110072B12345600000001 /* GitHubAPI.swift */ = {isa = PBXFileReference; lastKnownFileType = sourcecode.swift; path = GitHubAPI.swift; sourceTree = "<group>"; };
		1A1110092B12345600000001 /* KeychainStore.swift */ = {isa = PBXFileReference; lastKnownFileType = sourcecode.swift; path = KeychainStore.swift; sourceTree = "<group>"; };
		1A11100B2B12345600000001 /* NotificationManager.swift */ = {isa = PBXFileReference; lastKnownFileType = sourcecode.swift; path = NotificationManager.swift; sourceTree = "<group>"; };
		1A1110222B12345600000001 /* Shortcuts.swift */ = {isa = PBXFileReference; lastKnownFileType = sourcecode.swift; path = Shortcuts.swift; sourceTree = "<group>"; };
		1A1110232B12345600000001 /* AppVisibility.swift */ = {isa = PBXFileReference; lastKnownFileType = sourcecode.swift; path = AppVisibility.swift; sourceTree = "<group>"; };
		1A11100D2B12345600000001 /* Assets.xcassets */ = {isa = PBXFileReference; lastKnownFileType = folder.assetcatalog; path = Assets.xcassets; sourceTree = "<group>"; };
		1A11100E2B12345600000001 /* GithubPanel.app */ = {isa = PBXFileReference; explicitFileType = wrapper.application; path = GithubPanel.app; sourceTree = BUILT_PRODUCTS_DIR; };
		1A11100F2B12345600000001 /* Info.plist */ = {isa = PBXFileReference; lastKnownFileType = text.plist.xml; path = Info.plist; sourceTree = "<group>"; };
		1A1110412B12345600000001 /* CheckStateTests.swift */ = {isa = PBXFileReference; lastKnownFileType = sourcecode.swift; path = CheckStateTests.swift; sourceTree = "<group>"; };
		1A1110432B12345600000001 /* GitHubAPITests.swift */ = {isa = PBXFileReference; lastKnownFileType = sourcecode.swift; path = GitHubAPITests.swift; sourceTree = "<group>"; };
		1A1110452B12345600000001 /* PRMonitorTests.swift */ = {isa = PBXFileReference; lastKnownFileType = sourcecode.swift; path = PRMonitorTests.swift; sourceTree = "<group>"; };
		1A1110472B12345600000001 /* KeychainStoreTests.swift */ = {isa = PBXFileReference; lastKnownFileType = sourcecode.swift; path = KeychainStoreTests.swift; sourceTree = "<group>"; };
		1A1110492B12345600000001 /* GithubPanelTests.xctest */ = {isa = PBXFileReference; explicitFileType = wrapper.cfbundle; path = GithubPanelTests.xctest; sourceTree = BUILT_PRODUCTS_DIR; };
		1A1110542B12345600000001 /* AppIconAssetTests.swift */ = {isa = PBXFileReference; lastKnownFileType = sourcecode.swift; path = AppIconAssetTests.swift; sourceTree = "<group>"; };
		1A1110562B12345600000001 /* ContentViewTests.swift */ = {isa = PBXFileReference; lastKnownFileType = sourcecode.swift; path = ContentViewTests.swift; sourceTree = "<group>"; };
		1A1110582B12345600000001 /* UpdaterConfigurationTests.swift */ = {isa = PBXFileReference; lastKnownFileType = sourcecode.swift; path = UpdaterConfigurationTests.swift; sourceTree = "<group>"; };
/* End PBXFileReference section */

/* Begin PBXGroup section */
		1A1110102B12345600000001 = {
			isa = PBXGroup;
			children = (
				1A1110112B12345600000001 /* GithubPanel */,
				1A11104B2B12345600000001 /* GithubPanelTests */,
				1A1110122B12345600000001 /* Products */,
			);
			sourceTree = "<group>";
		};
		1A1110112B12345600000001 /* GithubPanel */ = {
			isa = PBXGroup;
			children = (
				1A1110002B12345600000001 /* GithubPanelApp.swift */,
				1A1110032B12345600000001 /* ContentView.swift */,
				1A1110212B12345600000001 /* SettingsView.swift */,
				1A1110222B12345600000001 /* Shortcuts.swift */,
				1A1110232B12345600000001 /* AppVisibility.swift */,
				1A1110052B12345600000001 /* PRMonitor.swift */,
				1A1110072B12345600000001 /* GitHubAPI.swift */,
				1A1110092B12345600000001 /* KeychainStore.swift */,
				1A11100B2B12345600000001 /* NotificationManager.swift */,
				1A11100D2B12345600000001 /* Assets.xcassets */,
				1A11100F2B12345600000001 /* Info.plist */,
			);
			path = GithubPanel;
			sourceTree = "<group>";
		};
		1A1110122B12345600000001 /* Products */ = {
			isa = PBXGroup;
			children = (
				1A11100E2B12345600000001 /* GithubPanel.app */,
				1A1110492B12345600000001 /* GithubPanelTests.xctest */,
			);
			name = Products;
			sourceTree = "<group>";
		};
		1A11104B2B12345600000001 /* GithubPanelTests */ = {
			isa = PBXGroup;
			children = (
				1A1110542B12345600000001 /* AppIconAssetTests.swift */,
				1A1110412B12345600000001 /* CheckStateTests.swift */,
				1A1110562B12345600000001 /* ContentViewTests.swift */,
				1A1110432B12345600000001 /* GitHubAPITests.swift */,
				1A1110452B12345600000001 /* PRMonitorTests.swift */,
				1A1110472B12345600000001 /* KeychainStoreTests.swift */,
				1A1110582B12345600000001 /* UpdaterConfigurationTests.swift */,
			);
			path = GithubPanelTests;
			sourceTree = "<group>";
		};
/* End PBXGroup section */

/* Begin PBXNativeTarget section */
		1A1110132B12345600000001 /* GithubPanel */ = {
			isa = PBXNativeTarget;
			buildConfigurationList = 1A1110142B12345600000001 /* Build configuration list for PBXNativeTarget "GithubPanel" */;
			buildPhases = (
				1A1110152B12345600000001 /* Sources */,
				1A1110312B12345600000001 /* Frameworks */,
				1A1110162B12345600000001 /* Resources */,
			);
			buildRules = (
			);
			dependencies = (
			);
			name = GithubPanel;
			packageProductDependencies = (
				1A1110322B12345600000001 /* KeyboardShortcuts */,
				1A1110622B12345600000001 /* Sparkle */,
			);
			productName = GithubPanel;
			productReference = 1A11100E2B12345600000001 /* GithubPanel.app */;
			productType = "com.apple.product-type.application";
		};
		1A11104C2B12345600000001 /* GithubPanelTests */ = {
			isa = PBXNativeTarget;
			buildConfigurationList = 1A11104D2B12345600000001 /* Build configuration list for PBXNativeTarget "GithubPanelTests" */;
			buildPhases = (
				1A11104E2B12345600000001 /* Sources */,
				1A11104A2B12345600000001 /* Frameworks */,
				1A11104F2B12345600000001 /* Resources */,
			);
			buildRules = (
			);
			dependencies = (
				1A1110502B12345600000001 /* PBXTargetDependency */,
			);
			name = GithubPanelTests;
			productName = GithubPanelTests;
			productReference = 1A1110492B12345600000001 /* GithubPanelTests.xctest */;
			productType = "com.apple.product-type.bundle.unit-test";
		};
/* End PBXNativeTarget section */

/* Begin PBXProject section */
		1A1110172B12345600000001 /* Project object */ = {
			isa = PBXProject;
			attributes = {
				LastUpgradeCheck = 1500;
				TargetAttributes = {
					1A1110132B12345600000001 = {
						CreatedOnToolsVersion = 15.0;
					};
					1A11104C2B12345600000001 = {
						CreatedOnToolsVersion = 15.0;
						TestTargetID = 1A1110132B12345600000001;
					};
				};
			};
			buildConfigurationList = 1A1110182B12345600000001 /* Build configuration list for PBXProject "GithubPanel" */;
			compatibilityVersion = "Xcode 14.0";
			developmentRegion = en;
			hasScannedForEncodings = 0;
			knownRegions = (
				en,
				Base,
			);
			mainGroup = 1A1110102B12345600000001;
			packageReferences = (
				1A1110332B12345600000001 /* XCRemoteSwiftPackageReference "KeyboardShortcuts" */,
				1A1110632B12345600000001 /* XCRemoteSwiftPackageReference "Sparkle" */,
			);
			productRefGroup = 1A1110122B12345600000001 /* Products */;
			projectDirPath = "";
			projectRoot = "";
			targets = (
				1A1110132B12345600000001 /* GithubPanel */,
				1A11104C2B12345600000001 /* GithubPanelTests */,
			);
		};
/* End PBXProject section */

/* Begin PBXResourcesBuildPhase section */
		1A1110162B12345600000001 /* Resources */ = {
			isa = PBXResourcesBuildPhase;
			buildActionMask = 2147483647;
			files = (
				1A11100C2B12345600000001 /* Assets.xcassets in Resources */,
			);
			runOnlyForDeploymentPostprocessing = 0;
		};
		1A11104F2B12345600000001 /* Resources */ = {
			isa = PBXResourcesBuildPhase;
			buildActionMask = 2147483647;
			files = (
			);
			runOnlyForDeploymentPostprocessing = 0;
		};
/* End PBXResourcesBuildPhase section */

/* Begin PBXFrameworksBuildPhase section */
		1A1110312B12345600000001 /* Frameworks */ = {
			isa = PBXFrameworksBuildPhase;
			buildActionMask = 2147483647;
			files = (
				1A1110302B12345600000001 /* KeyboardShortcuts in Frameworks */,
				1A1110602B12345600000001 /* Sparkle in Frameworks */,
			);
			runOnlyForDeploymentPostprocessing = 0;
		};
		1A11104A2B12345600000001 /* Frameworks */ = {
			isa = PBXFrameworksBuildPhase;
			buildActionMask = 2147483647;
			files = (
			);
			runOnlyForDeploymentPostprocessing = 0;
		};
/* End PBXFrameworksBuildPhase section */

/* Begin PBXSourcesBuildPhase section */
		1A1110152B12345600000001 /* Sources */ = {
			isa = PBXSourcesBuildPhase;
			buildActionMask = 2147483647;
			files = (
				1A1110012B12345600000001 /* GithubPanelApp.swift in Sources */,
				1A1110022B12345600000001 /* ContentView.swift in Sources */,
				1A1110202B12345600000001 /* SettingsView.swift in Sources */,
				1A1110042B12345600000001 /* PRMonitor.swift in Sources */,
				1A1110062B12345600000001 /* GitHubAPI.swift in Sources */,
				1A1110082B12345600000001 /* KeychainStore.swift in Sources */,
				1A11100A2B12345600000001 /* NotificationManager.swift in Sources */,
				1A1110242B12345600000001 /* Shortcuts.swift in Sources */,
				1A1110252B12345600000001 /* AppVisibility.swift in Sources */,
			);
			runOnlyForDeploymentPostprocessing = 0;
		};
		1A11104E2B12345600000001 /* Sources */ = {
			isa = PBXSourcesBuildPhase;
			buildActionMask = 2147483647;
			files = (
				1A1110402B12345600000001 /* CheckStateTests.swift in Sources */,
				1A1110552B12345600000001 /* ContentViewTests.swift in Sources */,
				1A1110422B12345600000001 /* GitHubAPITests.swift in Sources */,
				1A1110442B12345600000001 /* PRMonitorTests.swift in Sources */,
				1A1110462B12345600000001 /* KeychainStoreTests.swift in Sources */,
				1A1110532B12345600000001 /* AppIconAssetTests.swift in Sources */,
				1A1110572B12345600000001 /* UpdaterConfigurationTests.swift in Sources */,
			);
			runOnlyForDeploymentPostprocessing = 0;
		};
/* End PBXSourcesBuildPhase section */

/* Begin PBXTargetDependency section */
		1A1110502B12345600000001 /* PBXTargetDependency */ = {
			isa = PBXTargetDependency;
			target = 1A1110132B12345600000001 /* GithubPanel */;
			targetProxy = 1A1110482B12345600000001 /* PBXContainerItemProxy */;
		};
/* End PBXTargetDependency section */

/* Begin XCSwiftPackageProductDependency section */
		1A1110322B12345600000001 /* KeyboardShortcuts */ = {
			isa = XCSwiftPackageProductDependency;
			package = 1A1110332B12345600000001 /* XCRemoteSwiftPackageReference "KeyboardShortcuts" */;
			productName = KeyboardShortcuts;
		};
		1A1110622B12345600000001 /* Sparkle */ = {
			isa = XCSwiftPackageProductDependency;
			package = 1A1110632B12345600000001 /* XCRemoteSwiftPackageReference "Sparkle" */;
			productName = Sparkle;
		};
/* End XCSwiftPackageProductDependency section */

/* Begin XCRemoteSwiftPackageReference section */
		1A1110332B12345600000001 /* XCRemoteSwiftPackageReference "KeyboardShortcuts" */ = {
			isa = XCRemoteSwiftPackageReference;
			repositoryURL = "https://github.com/sindresorhus/KeyboardShortcuts";
			requirement = {
				kind = upToNextMajorVersion;
				minimumVersion = 2.4.0;
			};
		};
		1A1110632B12345600000001 /* XCRemoteSwiftPackageReference "Sparkle" */ = {
			isa = XCRemoteSwiftPackageReference;
			repositoryURL = "https://github.com/sparkle-project/Sparkle";
			requirement = {
				kind = upToNextMajorVersion;
				minimumVersion = 2.9.6;
			};
		};
/* End XCRemoteSwiftPackageReference section */

/* Begin XCBuildConfiguration section */
		1A1110192B12345600000001 /* Debug */ = {
			isa = XCBuildConfiguration;
			buildSettings = {
				ALWAYS_SEARCH_USER_PATHS = NO;
				ASSETCATALOG_COMPILER_APPICON_NAME = AppIcon;
				CODE_SIGN_IDENTITY = "-";
				CODE_SIGN_STYLE = Automatic;
				CURRENT_PROJECT_VERSION = 5;
				DEVELOPMENT_ASSET_PATHS = "";
				DEVELOPMENT_TEAM = "";
				ENABLE_TESTABILITY = YES;
				ENABLE_HARDENED_RUNTIME = YES;
				INFOPLIST_FILE = GithubPanel/Info.plist;
				LD_RUNPATH_SEARCH_PATHS = (
					"$(inherited)",
					"@executable_path/../Frameworks",
				);
				MACOSX_DEPLOYMENT_TARGET = 13.0;
				MARKETING_VERSION = 1.3.1;
				ONLY_ACTIVE_ARCH = YES;
				PRODUCT_BUNDLE_IDENTIFIER = com.githubpanel.app;
				PRODUCT_NAME = "$(TARGET_NAME)";
				SWIFT_ACTIVE_COMPILATION_CONDITIONS = DEBUG;
				SWIFT_OPTIMIZATION_LEVEL = "-Onone";
				SWIFT_VERSION = 5.0;
			};
			name = Debug;
		};
		1A11101A2B12345600000001 /* Release */ = {
			isa = XCBuildConfiguration;
			buildSettings = {
				ALWAYS_SEARCH_USER_PATHS = NO;
				ASSETCATALOG_COMPILER_APPICON_NAME = AppIcon;
				CODE_SIGN_IDENTITY = "-";
				CODE_SIGN_STYLE = Automatic;
				CURRENT_PROJECT_VERSION = 5;
				DEVELOPMENT_ASSET_PATHS = "";
				DEVELOPMENT_TEAM = "";
				ENABLE_HARDENED_RUNTIME = YES;
				INFOPLIST_FILE = GithubPanel/Info.plist;
				LD_RUNPATH_SEARCH_PATHS = (
					"$(inherited)",
					"@executable_path/../Frameworks",
				);
				MACOSX_DEPLOYMENT_TARGET = 13.0;
				MARKETING_VERSION = 1.3.1;
				PRODUCT_BUNDLE_IDENTIFIER = com.githubpanel.app;
				PRODUCT_NAME = "$(TARGET_NAME)";
				SWIFT_VERSION = 5.0;
			};
			name = Release;
		};
		1A11101B2B12345600000001 /* Debug */ = {
			isa = XCBuildConfiguration;
			buildSettings = {
				CODE_SIGN_STYLE = Automatic;
				DEVELOPMENT_TEAM = "";
				ENABLE_HARDENED_RUNTIME = YES;
				MACOSX_DEPLOYMENT_TARGET = 13.0;
				PRODUCT_NAME = "$(TARGET_NAME)";
				SWIFT_VERSION = 5.0;
				TARGETED_DEVICE_FAMILY = 1;
			};
			name = Debug;
		};
		1A11101C2B12345600000001 /* Release */ = {
			isa = XCBuildConfiguration;
			buildSettings = {
				CODE_SIGN_STYLE = Automatic;
				DEVELOPMENT_TEAM = "";
				ENABLE_HARDENED_RUNTIME = YES;
				MACOSX_DEPLOYMENT_TARGET = 13.0;
				PRODUCT_NAME = "$(TARGET_NAME)";
				SWIFT_VERSION = 5.0;
				TARGETED_DEVICE_FAMILY = 1;
			};
			name = Release;
		};
		1A1110512B12345600000001 /* Debug */ = {
			isa = XCBuildConfiguration;
			buildSettings = {
				ALWAYS_SEARCH_USER_PATHS = NO;
				BUNDLE_LOADER = "$(TEST_HOST)";
				CODE_SIGN_IDENTITY = "-";
				CODE_SIGN_STYLE = Automatic;
				CURRENT_PROJECT_VERSION = 1;
				DEVELOPMENT_TEAM = "";
				GENERATE_INFOPLIST_FILE = YES;
				LD_RUNPATH_SEARCH_PATHS = (
					"$(inherited)",
					"@executable_path/../Frameworks",
					"@loader_path/../Frameworks",
				);
				MACOSX_DEPLOYMENT_TARGET = 13.0;
				ONLY_ACTIVE_ARCH = YES;
				PRODUCT_BUNDLE_IDENTIFIER = com.githubpanel.app.tests;
				PRODUCT_NAME = "$(TARGET_NAME)";
				SWIFT_OPTIMIZATION_LEVEL = "-Onone";
				SWIFT_VERSION = 5.0;
				TEST_HOST = "$(BUILT_PRODUCTS_DIR)/GithubPanel.app/Contents/MacOS/GithubPanel";
			};
			name = Debug;
		};
		1A1110522B12345600000001 /* Release */ = {
			isa = XCBuildConfiguration;
			buildSettings = {
				ALWAYS_SEARCH_USER_PATHS = NO;
				BUNDLE_LOADER = "$(TEST_HOST)";
				CODE_SIGN_IDENTITY = "-";
				CODE_SIGN_STYLE = Automatic;
				CURRENT_PROJECT_VERSION = 1;
				DEVELOPMENT_TEAM = "";
				GENERATE_INFOPLIST_FILE = YES;
				LD_RUNPATH_SEARCH_PATHS = (
					"$(inherited)",
					"@executable_path/../Frameworks",
					"@loader_path/../Frameworks",
				);
				MACOSX_DEPLOYMENT_TARGET = 13.0;
				PRODUCT_BUNDLE_IDENTIFIER = com.githubpanel.app.tests;
				PRODUCT_NAME = "$(TARGET_NAME)";
				SWIFT_VERSION = 5.0;
				TEST_HOST = "$(BUILT_PRODUCTS_DIR)/GithubPanel.app/Contents/MacOS/GithubPanel";
			};
			name = Release;
		};
/* End XCBuildConfiguration section */

/* Begin XCConfigurationList section */
		1A1110142B12345600000001 /* Build configuration list for PBXNativeTarget "GithubPanel" */ = {
			isa = XCConfigurationList;
			buildConfigurations = (
				1A1110192B12345600000001 /* Debug */,
				1A11101A2B12345600000001 /* Release */,
			);
			defaultConfigurationIsVisible = 0;
			defaultConfigurationName = Debug;
		};
		1A1110182B12345600000001 /* Build configuration list for PBXProject "GithubPanel" */ = {
			isa = XCConfigurationList;
			buildConfigurations = (
				1A11101B2B12345600000001 /* Debug */,
				1A11101C2B12345600000001 /* Release */,
			);
			defaultConfigurationIsVisible = 0;
			defaultConfigurationName = Debug;
		};
		1A11104D2B12345600000001 /* Build configuration list for PBXNativeTarget "GithubPanelTests" */ = {
			isa = XCConfigurationList;
			buildConfigurations = (
				1A1110512B12345600000001 /* Debug */,
				1A1110522B12345600000001 /* Release */,
			);
			defaultConfigurationIsVisible = 0;
			defaultConfigurationName = Debug;
		};
/* End XCConfigurationList section */
	};
	rootObject = 1A1110172B12345600000001 /* Project object */;
}
